
Microsoft Visual Studio Solution File, Format Version 12.00
# Visual Studio Version 17
VisualStudioVersion = 17.10.35122.118
MinimumVisualStudioVersion = 10.0.40219.1
Project("{FAE04EC0-301F-11D3-BF4B-00C04F79EFBC}") = "AdvC#Demo03", "AdvC#Demo03\AdvC#Demo03.csproj", "{3FD01E3C-228E-402C-9814-77CC2C467806}"
EndProject
Global
	GlobalSection(SolutionConfigurationPlatforms) = preSolution
		Debug|Any CPU = Debug|Any CPU
		Release|Any CPU = Release|Any CPU
	EndGlobalSection
	GlobalSection(ProjectConfigurationPlatforms) = postSolution
		{3FD01E3C-228E-402C-9814-77CC2C467806}.Debug|Any CPU.ActiveCfg = Debug|Any CPU
		{3FD01E3C-228E-402C-9814-77CC2C467806}.Debug|Any CPU.Build.0 = Debug|Any CPU
		{3FD01E3C-228E-402C-9814-77CC2C467806}.Release|Any CPU.ActiveCfg = Release|Any CPU
		{3FD01E3C-228E-402C-9814-77CC2C467806}.Release|Any CPU.Build.0 = Release|Any CPU
	EndGlobalSection
	GlobalSection(SolutionProperties) = preSolution
		HideSolutionNode = FALSE
	EndGlobalSection
	GlobalSection(ExtensibilityGlobals) = postSolution
		SolutionGuid = {5EA4A673-CDBE-43CA-844F-75AAC7F88458}
	EndGlobalSection
EndGlobal
